
Microsoft Visual Studio Solution File, Format Version 12.00
# Visual Studio Version 17
VisualStudioVersion = 17.1.32210.238
MinimumVisualStudioVersion = 10.0.40219.1
Project("{9A19103F-16F7-4668-BE54-9A1E7A4F7556}") = "AirlineAPI", "AirlineAPI\AirlineAPI.csproj", "{857292B3-4AED-4E56-9B06-2B76EC821BB1}"
EndProject
Project("{FAE04EC0-301F-11D3-BF4B-00C04F79EFBC}") = "AirlineApp", "AirlineApp\AirlineApp.csproj", "{B43A0DE0-CB0D-484D-97F8-0CA48AE77717}"
EndProject
Global
	GlobalSection(SolutionConfigurationPlatforms) = preSolution
		Debug|Any CPU = Debug|Any CPU
		Release|Any CPU = Release|Any CPU
	EndGlobalSection
	GlobalSection(ProjectConfigurationPlatforms) = postSolution
		{857292B3-4AED-4E56-9B06-2B76EC821BB1}.Debug|Any CPU.ActiveCfg = Debug|Any CPU
		{857292B3-4AED-4E56-9B06-2B76EC821BB1}.Debug|Any CPU.Build.0 = Debug|Any CPU
		{857292B3-4AED-4E56-9B06-2B76EC821BB1}.Release|Any CPU.ActiveCfg = Release|Any CPU
		{857292B3-4AED-4E56-9B06-2B76EC821BB1}.Release|Any CPU.Build.0 = Release|Any CPU
		{B43A0DE0-CB0D-484D-97F8-0CA48AE77717}.Debug|Any CPU.ActiveCfg = Debug|Any CPU
		{B43A0DE0-CB0D-484D-97F8-0CA48AE77717}.Debug|Any CPU.Build.0 = Debug|Any CPU
		{B43A0DE0-CB0D-484D-97F8-0CA48AE77717}.Release|Any CPU.ActiveCfg = Release|Any CPU
		{B43A0DE0-CB0D-484D-97F8-0CA48AE77717}.Release|Any CPU.Build.0 = Release|Any CPU
	EndGlobalSection
	GlobalSection(SolutionProperties) = preSolution
		HideSolutionNode = FALSE
	EndGlobalSection
	GlobalSection(ExtensibilityGlobals) = postSolution
		SolutionGuid = {5D3CB568-2905-43E4-87E2-F4BAF16FAAF7}
	EndGlobalSection
EndGlobal
